
Microsoft Visual Studio Solution File, Format Version 12.00
# Visual Studio Version 16
VisualStudioVersion = 16.0.29025.244
MinimumVisualStudioVersion = 10.0.40219.1
Project("{9A19103F-16F7-4668-BE54-9A1E7A4F7556}") = "DBCommandHelper", "DBCommandHelper\DBCommandHelper.csproj", "{F1A796E6-66EE-47EF-B228-6833B59644E2}"
EndProject
Project("{FAE04EC0-301F-11D3-BF4B-00C04F79EFBC}") = "DbCommandHelperTests", "DbCommand\DbCommandHelperTests.csproj", "{553E9EBC-AE37-48AD-A33C-9C82077E5FB4}"
EndProject
Global
	GlobalSection(SolutionConfigurationPlatforms) = preSolution
		Debug|Any CPU = Debug|Any CPU
		Release|Any CPU = Release|Any CPU
	EndGlobalSection
	GlobalSection(ProjectConfigurationPlatforms) = postSolution
		{F1A796E6-66EE-47EF-B228-6833B59644E2}.Debug|Any CPU.ActiveCfg = Debug|Any CPU
		{F1A796E6-66EE-47EF-B228-6833B59644E2}.Debug|Any CPU.Build.0 = Debug|Any CPU
		{F1A796E6-66EE-47EF-B228-6833B59644E2}.Release|Any CPU.ActiveCfg = Release|Any CPU
		{F1A796E6-66EE-47EF-B228-6833B59644E2}.Release|Any CPU.Build.0 = Release|Any CPU
		{553E9EBC-AE37-48AD-A33C-9C82077E5FB4}.Debug|Any CPU.ActiveCfg = Debug|Any CPU
		{553E9EBC-AE37-48AD-A33C-9C82077E5FB4}.Debug|Any CPU.Build.0 = Debug|Any CPU
		{553E9EBC-AE37-48AD-A33C-9C82077E5FB4}.Release|Any CPU.ActiveCfg = Release|Any CPU
		{553E9EBC-AE37-48AD-A33C-9C82077E5FB4}.Release|Any CPU.Build.0 = Release|Any CPU
	EndGlobalSection
	GlobalSection(SolutionProperties) = preSolution
		HideSolutionNode = FALSE
	EndGlobalSection
	GlobalSection(ExtensibilityGlobals) = postSolution
		SolutionGuid = {C047A6BC-7D92-49A5-A0F4-E5CB24DA79D0}
	EndGlobalSection
EndGlobal
